
Microsoft Visual Studio Solution File, Format Version 12.00
# Visual Studio Version 16
VisualStudioVersion = 16.0.30804.86
MinimumVisualStudioVersion = 10.0.40219.1
Project("{9A19103F-16F7-4668-BE54-9A1E7A4F7556}") = "DataAccess", "DataAccess\DataAccess.csproj", "{A38A822A-1DEC-4029-A8F9-AF44316CE7F8}"
EndProject
Project("{9A19103F-16F7-4668-BE54-9A1E7A4F7556}") = "Business", "Business\Business.csproj", "{ABDBE815-A83F-4F39-B425-5A2DEDC181FE}"
EndProject
Project("{9A19103F-16F7-4668-BE54-9A1E7A4F7556}") = "Entities", "Entities\Entities.csproj", "{D4E7380F-FDE1-4300-AE5D-CEAC0CFE25C1}"
EndProject
Project("{9A19103F-16F7-4668-BE54-9A1E7A4F7556}") = "ConsoleUI", "ConsoleUI\ConsoleUI.csproj", "{DC1A87EB-8B61-4F04-9D07-0C3FC31CF419}"
EndProject
Project("{FAE04EC0-301F-11D3-BF4B-00C04F79EFBC}") = "Core", "Core\Core.csproj", "{4580BE44-35B8-4A73-9750-78CF462830D6}"
EndProject
Global
	GlobalSection(SolutionConfigurationPlatforms) = preSolution
		Debug|Any CPU = Debug|Any CPU
		Release|Any CPU = Release|Any CPU
	EndGlobalSection
	GlobalSection(ProjectConfigurationPlatforms) = postSolution
		{A38A822A-1DEC-4029-A8F9-AF44316CE7F8}.Debug|Any CPU.ActiveCfg = Debug|Any CPU
		{A38A822A-1DEC-4029-A8F9-AF44316CE7F8}.Debug|Any CPU.Build.0 = Debug|Any CPU
		{A38A822A-1DEC-4029-A8F9-AF44316CE7F8}.Release|Any CPU.ActiveCfg = Release|Any CPU
		{A38A822A-1DEC-4029-A8F9-AF44316CE7F8}.Release|Any CPU.Build.0 = Release|Any CPU
		{ABDBE815-A83F-4F39-B425-5A2DEDC181FE}.Debug|Any CPU.ActiveCfg = Debug|Any CPU
		{ABDBE815-A83F-4F39-B425-5A2DEDC181FE}.Debug|Any CPU.Build.0 = Debug|Any CPU
		{ABDBE815-A83F-4F39-B425-5A2DEDC181FE}.Release|Any CPU.ActiveCfg = Release|Any CPU
		{ABDBE815-A83F-4F39-B425-5A2DEDC181FE}.Release|Any CPU.Build.0 = Release|Any CPU
		{D4E7380F-FDE1-4300-AE5D-CEAC0CFE25C1}.Debug|Any CPU.ActiveCfg = Debug|Any CPU
		{D4E7380F-FDE1-4300-AE5D-CEAC0CFE25C1}.Debug|Any CPU.Build.0 = Debug|Any CPU
		{D4E7380F-FDE1-4300-AE5D-CEAC0CFE25C1}.Release|Any CPU.ActiveCfg = Release|Any CPU
		{D4E7380F-FDE1-4300-AE5D-CEAC0CFE25C1}.Release|Any CPU.Build.0 = Release|Any CPU
		{DC1A87EB-8B61-4F04-9D07-0C3FC31CF419}.Debug|Any CPU.ActiveCfg = Debug|Any CPU
		{DC1A87EB-8B61-4F04-9D07-0C3FC31CF419}.Debug|Any CPU.Build.0 = Debug|Any CPU
		{DC1A87EB-8B61-4F04-9D07-0C3FC31CF419}.Release|Any CPU.ActiveCfg = Release|Any CPU
		{DC1A87EB-8B61-4F04-9D07-0C3FC31CF419}.Release|Any CPU.Build.0 = Release|Any CPU
		{4580BE44-35B8-4A73-9750-78CF462830D6}.Debug|Any CPU.ActiveCfg = Debug|Any CPU
		{4580BE44-35B8-4A73-9750-78CF462830D6}.Debug|Any CPU.Build.0 = Debug|Any CPU
		{4580BE44-35B8-4A73-9750-78CF462830D6}.Release|Any CPU.ActiveCfg = Release|Any CPU
		{4580BE44-35B8-4A73-9750-78CF462830D6}.Release|Any CPU.Build.0 = Release|Any CPU
	EndGlobalSection
	GlobalSection(SolutionProperties) = preSolution
		HideSolutionNode = FALSE
	EndGlobalSection
	GlobalSection(ExtensibilityGlobals) = postSolution
		SolutionGuid = {79F35D41-4539-4E9F-B147-E75F63449704}
	EndGlobalSection
EndGlobal
